
Microsoft Visual Studio Solution File, Format Version 12.00
# Visual Studio Version 17
VisualStudioVersion = 17.8.34511.84
MinimumVisualStudioVersion = 10.0.40219.1
Project("{FAE04EC0-301F-11D3-BF4B-00C04F79EFBC}") = "ATV5_CJ302217X", "ATV5_CJ302217X\ATV5_CJ302217X.csproj", "{BD855CF1-4F95-4D8C-8E31-D7B7A6130524}"
EndProject
Global
	GlobalSection(SolutionConfigurationPlatforms) = preSolution
		Debug|Any CPU = Debug|Any CPU
		Release|Any CPU = Release|Any CPU
	EndGlobalSection
	GlobalSection(ProjectConfigurationPlatforms) = postSolution
		{BD855CF1-4F95-4D8C-8E31-D7B7A6130524}.Debug|Any CPU.ActiveCfg = Debug|Any CPU
		{BD855CF1-4F95-4D8C-8E31-D7B7A6130524}.Debug|Any CPU.Build.0 = Debug|Any CPU
		{BD855CF1-4F95-4D8C-8E31-D7B7A6130524}.Release|Any CPU.ActiveCfg = Release|Any CPU
		{BD855CF1-4F95-4D8C-8E31-D7B7A6130524}.Release|Any CPU.Build.0 = Release|Any CPU
	EndGlobalSection
	GlobalSection(SolutionProperties) = preSolution
		HideSolutionNode = FALSE
	EndGlobalSection
	GlobalSection(ExtensibilityGlobals) = postSolution
		SolutionGuid = {596AA1DA-8AC3-47C2-A469-9A94ECE2D7FE}
	EndGlobalSection
EndGlobal
